
Microsoft Visual Studio Solution File, Format Version 12.00
# Visual Studio Version 17
VisualStudioVersion = 17.5.002.0
MinimumVisualStudioVersion = 10.0.40219.1
Project("{9A19103F-16F7-4668-BE54-9A1E7A4F7556}") = "a", "a\a.csproj", "{393620BC-4122-4B77-87AF-7045E2E8248D}"
EndProject
Global
	GlobalSection(SolutionConfigurationPlatforms) = preSolution
		Debug|Any CPU = Debug|Any CPU
		Release|Any CPU = Release|Any CPU
	EndGlobalSection
	GlobalSection(ProjectConfigurationPlatforms) = postSolution
		{393620BC-4122-4B77-87AF-7045E2E8248D}.Debug|Any CPU.ActiveCfg = Debug|Any CPU
		{393620BC-4122-4B77-87AF-7045E2E8248D}.Debug|Any CPU.Build.0 = Debug|Any CPU
		{393620BC-4122-4B77-87AF-7045E2E8248D}.Release|Any CPU.ActiveCfg = Release|Any CPU
		{393620BC-4122-4B77-87AF-7045E2E8248D}.Release|Any CPU.Build.0 = Release|Any CPU
	EndGlobalSection
	GlobalSection(SolutionProperties) = preSolution
		HideSolutionNode = FALSE
	EndGlobalSection
	GlobalSection(ExtensibilityGlobals) = postSolution
		SolutionGuid = {D8A8A6BE-0A4D-44B8-B8DD-5610A977912E}
	EndGlobalSection
EndGlobal
